
Microsoft Visual Studio Solution File, Format Version 12.00
# Visual Studio Version 17
VisualStudioVersion = 17.13.35825.156 d17.13
MinimumVisualStudioVersion = 10.0.40219.1
Project("{FAE04EC0-301F-11D3-BF4B-00C04F79EFBC}") = "AdventureGame.Cli", "AdventureGame.Cli\AdventureGame.Cli.csproj", "{3FBAB92C-87BC-404E-9844-65125F7D2A01}"
EndProject
Project("{FAE04EC0-301F-11D3-BF4B-00C04F79EFBC}") = "AdventureGame.Core", "AdventureGame.Core\AdventureGame.Core.csproj", "{D24E45CE-DD3F-4A67-A339-51D2DD29B984}"
EndProject
Global
	GlobalSection(SolutionConfigurationPlatforms) = preSolution
		Debug|Any CPU = Debug|Any CPU
		Release|Any CPU = Release|Any CPU
	EndGlobalSection
	GlobalSection(ProjectConfigurationPlatforms) = postSolution
		{3FBAB92C-87BC-404E-9844-65125F7D2A01}.Debug|Any CPU.ActiveCfg = Debug|Any CPU
		{3FBAB92C-87BC-404E-9844-65125F7D2A01}.Debug|Any CPU.Build.0 = Debug|Any CPU
		{3FBAB92C-87BC-404E-9844-65125F7D2A01}.Release|Any CPU.ActiveCfg = Release|Any CPU
		{3FBAB92C-87BC-404E-9844-65125F7D2A01}.Release|Any CPU.Build.0 = Release|Any CPU
		{D24E45CE-DD3F-4A67-A339-51D2DD29B984}.Debug|Any CPU.ActiveCfg = Debug|Any CPU
		{D24E45CE-DD3F-4A67-A339-51D2DD29B984}.Debug|Any CPU.Build.0 = Debug|Any CPU
		{D24E45CE-DD3F-4A67-A339-51D2DD29B984}.Release|Any CPU.ActiveCfg = Release|Any CPU
		{D24E45CE-DD3F-4A67-A339-51D2DD29B984}.Release|Any CPU.Build.0 = Release|Any CPU
	EndGlobalSection
	GlobalSection(SolutionProperties) = preSolution
		HideSolutionNode = FALSE
	EndGlobalSection
	GlobalSection(ExtensibilityGlobals) = postSolution
		SolutionGuid = {021C8173-0F07-4324-BB24-8CDB65CE4669}
	EndGlobalSection
EndGlobal
